// !$*UTF8*$!
{
	archiveVersion = 1;
	classes = {
	};
	objectVersion = 46;
	objects = {

/* Begin PBXBuildFile section */
		CC098393177D61DD00B2AF9A /* Foundation.framework in Frameworks */ = {isa = PBXBuildFile; fileRef = CC098392177D61DD00B2AF9A /* Foundation.framework */; };
		CC098395177D61DD00B2AF9A /* CoreGraphics.framework in Frameworks */ = {isa = PBXBuildFile; fileRef = CC098394177D61DD00B2AF9A /* CoreGraphics.framework */; };
		CC098397177D61DD00B2AF9A /* UIKit.framework in Frameworks */ = {isa = PBXBuildFile; fileRef = CC098396177D61DD00B2AF9A /* UIKit.framework */; };
		CC09839D177D61DD00B2AF9A /* InfoPlist.strings in Resources */ = {isa = PBXBuildFile; fileRef = CC09839B177D61DD00B2AF9A /* InfoPlist.strings */; };
		CC09839F177D61DD00B2AF9A /* main.m in Sources */ = {isa = PBXBuildFile; fileRef = CC09839E177D61DD00B2AF9A /* main.m */; };
		CC0983A3177D61DD00B2AF9A /* AppDelegate.m in Sources */ = {isa = PBXBuildFile; fileRef = CC0983A2177D61DD00B2AF9A /* AppDelegate.m */; };
		CC0983A6177D61DD00B2AF9A /* Main.storyboard in Resources */ = {isa = PBXBuildFile; fileRef = CC0983A4177D61DD00B2AF9A /* Main.storyboard */; };
		CC0983A9177D61DD00B2AF9A /* ViewController.m in Sources */ = {isa = PBXBuildFile; fileRef = CC0983A8177D61DD00B2AF9A /* ViewController.m */; };
		CC0983AB177D61DD00B2AF9A /* Images.xcassets in Resources */ = {isa = PBXBuildFile; fileRef = CC0983AA177D61DD00B2AF9A /* Images.xcassets */; };
		CC0983B2177D61DD00B2AF9A /* XCTest.framework in Frameworks */ = {isa = PBXBuildFile; fileRef = CC0983B1177D61DD00B2AF9A /* XCTest.framework */; };
		CC0983B3177D61DD00B2AF9A /* Foundation.framework in Frameworks */ = {isa = PBXBuildFile; fileRef = CC098392177D61DD00B2AF9A /* Foundation.framework */; };
		CC0983B4177D61DD00B2AF9A /* UIKit.framework in Frameworks */ = {isa = PBXBuildFile; fileRef = CC098396177D61DD00B2AF9A /* UIKit.framework */; };
		CC0983BC177D61DD00B2AF9A /* InfoPlist.strings in Resources */ = {isa = PBXBuildFile; fileRef = CC0983BA177D61DD00B2AF9A /* InfoPlist.strings */; };
		CC0983BE177D61DD00B2AF9A /* AVideoSpeechDemoTests.m in Sources */ = {isa = PBXBuildFile; fileRef = CC0983BD177D61DD00B2AF9A /* AVideoSpeechDemoTests.m */; };
		CC0983C8177D61F700B2AF9A /* AVFoundation.framework in Frameworks */ = {isa = PBXBuildFile; fileRef = CC0983C7177D61F700B2AF9A /* AVFoundation.framework */; };
/* End PBXBuildFile section */

/* Begin PBXContainerItemProxy section */
		CC0983B5177D61DD00B2AF9A /* PBXContainerItemProxy */ = {
			isa = PBXContainerItemProxy;
			containerPortal = CC098387177D61DD00B2AF9A /* Project object */;
			proxyType = 1;
			remoteGlobalIDString = CC09838E177D61DD00B2AF9A;
			remoteInfo = AVideoSpeechDemo;
		};
/* End PBXContainerItemProxy section */

/* Begin PBXFileReference section */
		CC09838F177D61DD00B2AF9A /* AVideoSpeechDemo.app */ = {isa = PBXFileReference; explicitFileType = wrapper.application; includeInIndex = 0; path = AVideoSpeechDemo.app; sourceTree = BUILT_PRODUCTS_DIR; };
		CC098392177D61DD00B2AF9A /* Foundation.framework */ = {isa = PBXFileReference; lastKnownFileType = wrapper.framework; name = Foundation.framework; path = System/Library/Frameworks/Foundation.framework; sourceTree = SDKROOT; };
		CC098394177D61DD00B2AF9A /* CoreGraphics.framework */ = {isa = PBXFileReference; lastKnownFileType = wrapper.framework; name = CoreGraphics.framework; path = System/Library/Frameworks/CoreGraphics.framework; sourceTree = SDKROOT; };
		CC098396177D61DD00B2AF9A /* UIKit.framework */ = {isa = PBXFileReference; lastKnownFileType = wrapper.framework; name = UIKit.framework; path = System/Library/Frameworks/UIKit.framework; sourceTree = SDKROOT; };
		CC09839A177D61DD00B2AF9A /* AVideoSpeechDemo-Info.plist */ = {isa = PBXFileReference; lastKnownFileType = text.plist.xml; path = "AVideoSpeechDemo-Info.plist"; sourceTree = "<group>"; };
		CC09839C177D61DD00B2AF9A /* en */ = {isa = PBXFileReference; lastKnownFileType = text.plist.strings; name = en; path = en.lproj/InfoPlist.strings; sourceTree = "<group>"; };
		CC09839E177D61DD00B2AF9A /* main.m */ = {isa = PBXFileReference; lastKnownFileType = sourcecode.c.objc; path = main.m; sourceTree = "<group>"; };
		CC0983A0177D61DD00B2AF9A /* AVideoSpeechDemo-Prefix.pch */ = {isa = PBXFileReference; lastKnownFileType = sourcecode.c.h; path = "AVideoSpeechDemo-Prefix.pch"; sourceTree = "<group>"; };
		CC0983A1177D61DD00B2AF9A /* AppDelegate.h */ = {isa = PBXFileReference; lastKnownFileType = sourcecode.c.h; path = AppDelegate.h; sourceTree = "<group>"; };
		CC0983A2177D61DD00B2AF9A /* AppDelegate.m */ = {isa = PBXFileReference; lastKnownFileType = sourcecode.c.objc; path = AppDelegate.m; sourceTree = "<group>"; };
		CC0983A5177D61DD00B2AF9A /* Base */ = {isa = PBXFileReference; lastKnownFileType = file.storyboard; name = Base; path = Base.lproj/Main.storyboard; sourceTree = "<group>"; };
		CC0983A7177D61DD00B2AF9A /* ViewController.h */ = {isa = PBXFileReference; lastKnownFileType = sourcecode.c.h; path = ViewController.h; sourceTree = "<group>"; };
		CC0983A8177D61DD00B2AF9A /* ViewController.m */ = {isa = PBXFileReference; lastKnownFileType = sourcecode.c.objc; path = ViewController.m; sourceTree = "<group>"; };
		CC0983AA177D61DD00B2AF9A /* Images.xcassets */ = {isa = PBXFileReference; lastKnownFileType = folder.assetcatalog; path = Images.xcassets; sourceTree = "<group>"; };
		CC0983B0177D61DD00B2AF9A /* AVideoSpeechDemoTests.xctest */ = {isa = PBXFileReference; explicitFileType = wrapper.cfbundle; includeInIndex = 0; path = AVideoSpeechDemoTests.xctest; sourceTree = BUILT_PRODUCTS_DIR; };
		CC0983B1177D61DD00B2AF9A /* XCTest.framework */ = {isa = PBXFileReference; lastKnownFileType = wrapper.framework; name = XCTest.framework; path = Library/Frameworks/XCTest.framework; sourceTree = DEVELOPER_DIR; };
		CC0983B9177D61DD00B2AF9A /* AVideoSpeechDemoTests-Info.plist */ = {isa = PBXFileReference; lastKnownFileType = text.plist.xml; path = "AVideoSpeechDemoTests-Info.plist"; sourceTree = "<group>"; };
		CC0983BB177D61DD00B2AF9A /* en */ = {isa = PBXFileReference; lastKnownFileType = text.plist.strings; name = en; path = en.lproj/InfoPlist.strings; sourceTree = "<group>"; };
		CC0983BD177D61DD00B2AF9A /* AVideoSpeechDemoTests.m */ = {isa = PBXFileReference; lastKnownFileType = sourcecode.c.objc; path = AVideoSpeechDemoTests.m; sourceTree = "<group>"; };
		CC0983C7177D61F700B2AF9A /* AVFoundation.framework */ = {isa = PBXFileReference; lastKnownFileType = wrapper.framework; name = AVFoundation.framework; path = System/Library/Frameworks/AVFoundation.framework; sourceTree = SDKROOT; };
/* End PBXFileReference section */

/* Begin PBXFrameworksBuildPhase section */
		CC09838C177D61DD00B2AF9A /* Frameworks */ = {
			isa = PBXFrameworksBuildPhase;
			buildActionMask = 2147483647;
			files = (
				CC0983C8177D61F700B2AF9A /* AVFoundation.framework in Frameworks */,
				CC098395177D61DD00B2AF9A /* CoreGraphics.framework in Frameworks */,
				CC098397177D61DD00B2AF9A /* UIKit.framework in Frameworks */,
				CC098393177D61DD00B2AF9A /* Foundation.framework in Frameworks */,
			);
			runOnlyForDeploymentPostprocessing = 0;
		};
		CC0983AD177D61DD00B2AF9A /* Frameworks */ = {
			isa = PBXFrameworksBuildPhase;
			buildActionMask = 2147483647;
			files = (
				CC0983B2177D61DD00B2AF9A /* XCTest.framework in Frameworks */,
				CC0983B4177D61DD00B2AF9A /* UIKit.framework in Frameworks */,
				CC0983B3177D61DD00B2AF9A /* Foundation.framework in Frameworks */,
			);
			runOnlyForDeploymentPostprocessing = 0;
		};
/* End PBXFrameworksBuildPhase section */

/* Begin PBXGroup section */
		CC098386177D61DD00B2AF9A = {
			isa = PBXGroup;
			children = (
				CC098398177D61DD00B2AF9A /* AVideoSpeechDemo */,
				CC0983B7177D61DD00B2AF9A /* AVideoSpeechDemoTests */,
				CC098391177D61DD00B2AF9A /* Frameworks */,
				CC098390177D61DD00B2AF9A /* Products */,
			);
			sourceTree = "<group>";
		};
		CC098390177D61DD00B2AF9A /* Products */ = {
			isa = PBXGroup;
			children = (
				CC09838F177D61DD00B2AF9A /* AVideoSpeechDemo.app */,
				CC0983B0177D61DD00B2AF9A /* AVideoSpeechDemoTests.xctest */,
			);
			name = Products;
			sourceTree = "<group>";
		};
		CC098391177D61DD00B2AF9A /* Frameworks */ = {
			isa = PBXGroup;
			children = (
				CC0983C7177D61F700B2AF9A /* AVFoundation.framework */,
				CC098392177D61DD00B2AF9A /* Foundation.framework */,
				CC098394177D61DD00B2AF9A /* CoreGraphics.framework */,
				CC098396177D61DD00B2AF9A /* UIKit.framework */,
				CC0983B1177D61DD00B2AF9A /* XCTest.framework */,
			);
			name = Frameworks;
			sourceTree = "<group>";
		};
		CC098398177D61DD00B2AF9A /* AVideoSpeechDemo */ = {
			isa = PBXGroup;
			children = (
				CC0983A1177D61DD00B2AF9A /* AppDelegate.h */,
				CC0983A2177D61DD00B2AF9A /* AppDelegate.m */,
				CC0983A4177D61DD00B2AF9A /* Main.storyboard */,
				CC0983A7177D61DD00B2AF9A /* ViewController.h */,
				CC0983A8177D61DD00B2AF9A /* ViewController.m */,
				CC0983AA177D61DD00B2AF9A /* Images.xcassets */,
				CC098399177D61DD00B2AF9A /* Supporting Files */,
			);
			path = AVideoSpeechDemo;
			sourceTree = "<group>";
		};
		CC098399177D61DD00B2AF9A /* Supporting Files */ = {
			isa = PBXGroup;
			children = (
				CC09839A177D61DD00B2AF9A /* AVideoSpeechDemo-Info.plist */,
				CC09839B177D61DD00B2AF9A /* InfoPlist.strings */,
				CC09839E177D61DD00B2AF9A /* main.m */,
				CC0983A0177D61DD00B2AF9A /* AVideoSpeechDemo-Prefix.pch */,
			);
			name = "Supporting Files";
			sourceTree = "<group>";
		};
		CC0983B7177D61DD00B2AF9A /* AVideoSpeechDemoTests */ = {
			isa = PBXGroup;
			children = (
				CC0983BD177D61DD00B2AF9A /* AVideoSpeechDemoTests.m */,
				CC0983B8177D61DD00B2AF9A /* Supporting Files */,
			);
			path = AVideoSpeechDemoTests;
			sourceTree = "<group>";
		};
		CC0983B8177D61DD00B2AF9A /* Supporting Files */ = {
			isa = PBXGroup;
			children = (
				CC0983B9177D61DD00B2AF9A /* AVideoSpeechDemoTests-Info.plist */,
				CC0983BA177D61DD00B2AF9A /* InfoPlist.strings */,
			);
			name = "Supporting Files";
			sourceTree = "<group>";
		};
/* End PBXGroup section */

/* Begin PBXNativeTarget section */
		CC09838E177D61DD00B2AF9A /* AVideoSpeechDemo */ = {
			isa = PBXNativeTarget;
			buildConfigurationList = CC0983C1177D61DD00B2AF9A /* Build configuration list for PBXNativeTarget "AVideoSpeechDemo" */;
			buildPhases = (
				CC09838B177D61DD00B2AF9A /* Sources */,
				CC09838C177D61DD00B2AF9A /* Frameworks */,
				CC09838D177D61DD00B2AF9A /* Resources */,
			);
			buildRules = (
			);
			dependencies = (
			);
			name = AVideoSpeechDemo;
			productName = AVideoSpeechDemo;
			productReference = CC09838F177D61DD00B2AF9A /* AVideoSpeechDemo.app */;
			productType = "com.apple.product-type.application";
		};
		CC0983AF177D61DD00B2AF9A /* AVideoSpeechDemoTests */ = {
			isa = PBXNativeTarget;
			buildConfigurationList = CC0983C4177D61DD00B2AF9A /* Build configuration list for PBXNativeTarget "AVideoSpeechDemoTests" */;
			buildPhases = (
				CC0983AC177D61DD00B2AF9A /* Sources */,
				CC0983AD177D61DD00B2AF9A /* Frameworks */,
				CC0983AE177D61DD00B2AF9A /* Resources */,
			);
			buildRules = (
			);
			dependencies = (
				CC0983B6177D61DD00B2AF9A /* PBXTargetDependency */,
			);
			name = AVideoSpeechDemoTests;
			productName = AVideoSpeechDemoTests;
			productReference = CC0983B0177D61DD00B2AF9A /* AVideoSpeechDemoTests.xctest */;
			productType = "com.apple.product-type.bundle.unit-test";
		};
/* End PBXNativeTarget section */

/* Begin PBXProject section */
		CC098387177D61DD00B2AF9A /* Project object */ = {
			isa = PBXProject;
			attributes = {
				LastUpgradeCheck = 0500;
				ORGANIZATIONNAME = qingyun;
				TargetAttributes = {
					CC0983AF177D61DD00B2AF9A = {
						TestTargetID = CC09838E177D61DD00B2AF9A;
					};
				};
			};
			buildConfigurationList = CC09838A177D61DD00B2AF9A /* Build configuration list for PBXProject "AVideoSpeechDemo" */;
			compatibilityVersion = "Xcode 3.2";
			developmentRegion = English;
			hasScannedForEncodings = 0;
			knownRegions = (
				en,
				Base,
			);
			mainGroup = CC098386177D61DD00B2AF9A;
			productRefGroup = CC098390177D61DD00B2AF9A /* Products */;
			projectDirPath = "";
			projectRoot = "";
			targets = (
				CC09838E177D61DD00B2AF9A /* AVideoSpeechDemo */,
				CC0983AF177D61DD00B2AF9A /* AVideoSpeechDemoTests */,
			);
		};
/* End PBXProject section */

/* Begin PBXResourcesBuildPhase section */
		CC09838D177D61DD00B2AF9A /* Resources */ = {
			isa = PBXResourcesBuildPhase;
			buildActionMask = 2147483647;
			files = (
				CC0983AB177D61DD00B2AF9A /* Images.xcassets in Resources */,
				CC09839D177D61DD00B2AF9A /* InfoPlist.strings in Resources */,
				CC0983A6177D61DD00B2AF9A /* Main.storyboard in Resources */,
			);
			runOnlyForDeploymentPostprocessing = 0;
		};
		CC0983AE177D61DD00B2AF9A /* Resources */ = {
			isa = PBXResourcesBuildPhase;
			buildActionMask = 2147483647;
			files = (
				CC0983BC177D61DD00B2AF9A /* InfoPlist.strings in Resources */,
			);
			runOnlyForDeploymentPostprocessing = 0;
		};
/* End PBXResourcesBuildPhase section */

/* Begin PBXSourcesBuildPhase section */
		CC09838B177D61DD00B2AF9A /* Sources */ = {
			isa = PBXSourcesBuildPhase;
			buildActionMask = 2147483647;
			files = (
				CC0983A9177D61DD00B2AF9A /* ViewController.m in Sources */,
				CC0983A3177D61DD00B2AF9A /* AppDelegate.m in Sources */,
				CC09839F177D61DD00B2AF9A /* main.m in Sources */,
			);
			runOnlyForDeploymentPostprocessing = 0;
		};
		CC0983AC177D61DD00B2AF9A /* Sources */ = {
			isa = PBXSourcesBuildPhase;
			buildActionMask = 2147483647;
			files = (
				CC0983BE177D61DD00B2AF9A /* AVideoSpeechDemoTests.m in Sources */,
			);
			runOnlyForDeploymentPostprocessing = 0;
		};
/* End PBXSourcesBuildPhase section */

/* Begin PBXTargetDependency section */
		CC0983B6177D61DD00B2AF9A /* PBXTargetDependency */ = {
			isa = PBXTargetDependency;
			target = CC09838E177D61DD00B2AF9A /* AVideoSpeechDemo */;
			targetProxy = CC0983B5177D61DD00B2AF9A /* PBXContainerItemProxy */;
		};
/* End PBXTargetDependency section */

/* Begin PBXVariantGroup section */
		CC09839B177D61DD00B2AF9A /* InfoPlist.strings */ = {
			isa = PBXVariantGroup;
			children = (
				CC09839C177D61DD00B2AF9A /* en */,
			);
			name = InfoPlist.strings;
			sourceTree = "<group>";
		};
		CC0983A4177D61DD00B2AF9A /* Main.storyboard */ = {
			isa = PBXVariantGroup;
			children = (
				CC0983A5177D61DD00B2AF9A /* Base */,
			);
			name = Main.storyboard;
			sourceTree = "<group>";
		};
		CC0983BA177D61DD00B2AF9A /* InfoPlist.strings */ = {
			isa = PBXVariantGroup;
			children = (
				CC0983BB177D61DD00B2AF9A /* en */,
			);
			name = InfoPlist.strings;
			sourceTree = "<group>";
		};
/* End PBXVariantGroup section */

/* Begin XCBuildConfiguration section */
		CC0983BF177D61DD00B2AF9A /* Debug */ = {
			isa = XCBuildConfiguration;
			buildSettings = {
				ALWAYS_SEARCH_USER_PATHS = NO;
				CLANG_CXX_LANGUAGE_STANDARD = "gnu++0x";
				CLANG_CXX_LIBRARY = "libc++";
				CLANG_ENABLE_MODULES = YES;
				CLANG_ENABLE_OBJC_ARC = YES;
				CLANG_WARN_BOOL_CONVERSION = YES;
				CLANG_WARN_CONSTANT_CONVERSION = YES;
				CLANG_WARN_DIRECT_OBJC_ISA_USAGE = YES_ERROR;
				CLANG_WARN_EMPTY_BODY = YES;
				CLANG_WARN_ENUM_CONVERSION = YES;
				CLANG_WARN_INT_CONVERSION = YES;
				CLANG_WARN_OBJC_ROOT_CLASS = YES_ERROR;
				CLANG_WARN__DUPLICATE_METHOD_MATCH = YES;
				CODE_SIGN_IDENTITY = "iPhone Developer";
				"CODE_SIGN_IDENTITY[sdk=iphoneos*]" = "iPhone Developer";
				COPY_PHASE_STRIP = NO;
				GCC_C_LANGUAGE_STANDARD = gnu99;
				GCC_DYNAMIC_NO_PIC = NO;
				GCC_OPTIMIZATION_LEVEL = 0;
				GCC_PREPROCESSOR_DEFINITIONS = (
					"DEBUG=1",
					"$(inherited)",
				);
				GCC_SYMBOLS_PRIVATE_EXTERN = NO;
				GCC_WARN_ABOUT_RETURN_TYPE = YES_ERROR;
				GCC_WARN_UNDECLARED_SELECTOR = YES;
				GCC_WARN_UNINITIALIZED_AUTOS = YES;
				GCC_WARN_UNUSED_FUNCTION = YES;
				GCC_WARN_UNUSED_VARIABLE = YES;
				IPHONEOS_DEPLOYMENT_TARGET = 5.0;
				ONLY_ACTIVE_ARCH = YES;
				PROVISIONING_PROFILE = "";
				"PROVISIONING_PROFILE[sdk=iphoneos*]" = "";
				SDKROOT = iphoneos;
			};
			name = Debug;
		};
		CC0983C0177D61DD00B2AF9A /* Release */ = {
			isa = XCBuildConfiguration;
			buildSettings = {
				ALWAYS_SEARCH_USER_PATHS = NO;
				CLANG_CXX_LANGUAGE_STANDARD = "gnu++0x";
				CLANG_CXX_LIBRARY = "libc++";
				CLANG_ENABLE_MODULES = YES;
				CLANG_ENABLE_OBJC_ARC = YES;
				CLANG_WARN_BOOL_CONVERSION = YES;
				CLANG_WARN_CONSTANT_CONVERSION = YES;
				CLANG_WARN_DIRECT_OBJC_ISA_USAGE = YES_ERROR;
				CLANG_WARN_EMPTY_BODY = YES;
				CLANG_WARN_ENUM_CONVERSION = YES;
				CLANG_WARN_INT_CONVERSION = YES;
				CLANG_WARN_OBJC_ROOT_CLASS = YES_ERROR;
				CLANG_WARN__DUPLICATE_METHOD_MATCH = YES;
				CODE_SIGN_IDENTITY = "iPhone Developer";
				"CODE_SIGN_IDENTITY[sdk=iphoneos*]" = "iPhone Developer";
				COPY_PHASE_STRIP = YES;
				ENABLE_NS_ASSERTIONS = NO;
				GCC_C_LANGUAGE_STANDARD = gnu99;
				GCC_WARN_ABOUT_RETURN_TYPE = YES_ERROR;
				GCC_WARN_UNDECLARED_SELECTOR = YES;
				GCC_WARN_UNINITIALIZED_AUTOS = YES;
				GCC_WARN_UNUSED_FUNCTION = YES;
				GCC_WARN_UNUSED_VARIABLE = YES;
				IPHONEOS_DEPLOYMENT_TARGET = 5.0;
				PROVISIONING_PROFILE = "";
				"PROVISIONING_PROFILE[sdk=iphoneos*]" = "";
				SDKROOT = iphoneos;
				VALIDATE_PRODUCT = YES;
			};
			name = Release;
		};
		CC0983C2177D61DD00B2AF9A /* Debug */ = {
			isa = XCBuildConfiguration;
			buildSettings = {
				ASSETCATALOG_COMPILER_APPICON_NAME = AppIcon;
				ASSETCATALOG_COMPILER_LAUNCHIMAGE_NAME = LaunchImage;
				GCC_PRECOMPILE_PREFIX_HEADER = YES;
				GCC_PREFIX_HEADER = "AVideoSpeechDemo/AVideoSpeechDemo-Prefix.pch";
				INFOPLIST_FILE = "AVideoSpeechDemo/AVideoSpeechDemo-Info.plist";
				PRODUCT_NAME = "$(TARGET_NAME)";
				WRAPPER_EXTENSION = app;
			};
			name = Debug;
		};
		CC0983C3177D61DD00B2AF9A /* Release */ = {
			isa = XCBuildConfiguration;
			buildSettings = {
				ASSETCATALOG_COMPILER_APPICON_NAME = AppIcon;
				ASSETCATALOG_COMPILER_LAUNCHIMAGE_NAME = LaunchImage;
				GCC_PRECOMPILE_PREFIX_HEADER = YES;
				GCC_PREFIX_HEADER = "AVideoSpeechDemo/AVideoSpeechDemo-Prefix.pch";
				INFOPLIST_FILE = "AVideoSpeechDemo/AVideoSpeechDemo-Info.plist";
				PRODUCT_NAME = "$(TARGET_NAME)";
				WRAPPER_EXTENSION = app;
			};
			name = Release;
		};
		CC0983C5177D61DD00B2AF9A /* Debug */ = {
			isa = XCBuildConfiguration;
			buildSettings = {
				BUNDLE_LOADER = "$(BUILT_PRODUCTS_DIR)/AVideoSpeechDemo.app/AVideoSpeechDemo";
				FRAMEWORK_SEARCH_PATHS = (
					"$(SDKROOT)/Developer/Library/Frameworks",
					"$(inherited)",
					"$(SYSTEM_APPS_DIR)/Xcode5-DP.app/Contents/Developer/Library/Frameworks",
				);
				GCC_PRECOMPILE_PREFIX_HEADER = YES;
				GCC_PREFIX_HEADER = "AVideoSpeechDemo/AVideoSpeechDemo-Prefix.pch";
				GCC_PREPROCESSOR_DEFINITIONS = (
					"DEBUG=1",
					"$(inherited)",
				);
				INFOPLIST_FILE = "AVideoSpeechDemoTests/AVideoSpeechDemoTests-Info.plist";
				PRODUCT_NAME = "$(TARGET_NAME)";
				TEST_HOST = "$(BUNDLE_LOADER)";
				WRAPPER_EXTENSION = xctest;
			};
			name = Debug;
		};
		CC0983C6177D61DD00B2AF9A /* Release */ = {
			isa = XCBuildConfiguration;
			buildSettings = {
				BUNDLE_LOADER = "$(BUILT_PRODUCTS_DIR)/AVideoSpeechDemo.app/AVideoSpeechDemo";
				FRAMEWORK_SEARCH_PATHS = (
					"$(SDKROOT)/Developer/Library/Frameworks",
					"$(inherited)",
					"$(SYSTEM_APPS_DIR)/Xcode5-DP.app/Contents/Developer/Library/Frameworks",
				);
				GCC_PRECOMPILE_PREFIX_HEADER = YES;
				GCC_PREFIX_HEADER = "AVideoSpeechDemo/AVideoSpeechDemo-Prefix.pch";
				INFOPLIST_FILE = "AVideoSpeechDemoTests/AVideoSpeechDemoTests-Info.plist";
				PRODUCT_NAME = "$(TARGET_NAME)";
				TEST_HOST = "$(BUNDLE_LOADER)";
				WRAPPER_EXTENSION = xctest;
			};
			name = Release;
		};
/* End XCBuildConfiguration section */

/* Begin XCConfigurationList section */
		CC09838A177D61DD00B2AF9A /* Build configuration list for PBXProject "AVideoSpeechDemo" */ = {
			isa = XCConfigurationList;
			buildConfigurations = (
				CC0983BF177D61DD00B2AF9A /* Debug */,
				CC0983C0177D61DD00B2AF9A /* Release */,
			);
			defaultConfigurationIsVisible = 0;
			defaultConfigurationName = Release;
		};
		CC0983C1177D61DD00B2AF9A /* Build configuration list for PBXNativeTarget "AVideoSpeechDemo" */ = {
			isa = XCConfigurationList;
			buildConfigurations = (
				CC0983C2177D61DD00B2AF9A /* Debug */,
				CC0983C3177D61DD00B2AF9A /* Release */,
			);
			defaultConfigurationIsVisible = 0;
			defaultConfigurationName = Release;
		};
		CC0983C4177D61DD00B2AF9A /* Build configuration list for PBXNativeTarget "AVideoSpeechDemoTests" */ = {
			isa = XCConfigurationList;
			buildConfigurations = (
				CC0983C5177D61DD00B2AF9A /* Debug */,
				CC0983C6177D61DD00B2AF9A /* Release */,
			);
			defaultConfigurationIsVisible = 0;
			defaultConfigurationName = Release;
		};
/* End XCConfigurationList section */
	};
	rootObject = CC098387177D61DD00B2AF9A /* Project object */;
}
